
Microsoft Visual Studio Solution File, Format Version 12.00
# Visual Studio Version 16
VisualStudioVersion = 16.0.30907.101
MinimumVisualStudioVersion = 10.0.40219.1
Project("{9A19103F-16F7-4668-BE54-9A1E7A4F7556}") = "Shop", "..\Shop\Shop.csproj", "{1F9D612B-E564-4F5A-BAC8-1F6D9BD576FE}"
EndProject
Project("{9A19103F-16F7-4668-BE54-9A1E7A4F7556}") = "Server", "..\Server\Server.csproj", "{9A61A88E-6AA3-489D-90A5-B925142E59E9}"
EndProject
Global
	GlobalSection(SolutionConfigurationPlatforms) = preSolution
		Debug|Any CPU = Debug|Any CPU
		Release|Any CPU = Release|Any CPU
	EndGlobalSection
	GlobalSection(ProjectConfigurationPlatforms) = postSolution
		{1F9D612B-E564-4F5A-BAC8-1F6D9BD576FE}.Debug|Any CPU.ActiveCfg = Debug|Any CPU
		{1F9D612B-E564-4F5A-BAC8-1F6D9BD576FE}.Debug|Any CPU.Build.0 = Debug|Any CPU
		{1F9D612B-E564-4F5A-BAC8-1F6D9BD576FE}.Release|Any CPU.ActiveCfg = Release|Any CPU
		{1F9D612B-E564-4F5A-BAC8-1F6D9BD576FE}.Release|Any CPU.Build.0 = Release|Any CPU
		{9A61A88E-6AA3-489D-90A5-B925142E59E9}.Debug|Any CPU.ActiveCfg = Debug|Any CPU
		{9A61A88E-6AA3-489D-90A5-B925142E59E9}.Debug|Any CPU.Build.0 = Debug|Any CPU
		{9A61A88E-6AA3-489D-90A5-B925142E59E9}.Release|Any CPU.ActiveCfg = Release|Any CPU
		{9A61A88E-6AA3-489D-90A5-B925142E59E9}.Release|Any CPU.Build.0 = Release|Any CPU
	EndGlobalSection
	GlobalSection(SolutionProperties) = preSolution
		HideSolutionNode = FALSE
	EndGlobalSection
	GlobalSection(ExtensibilityGlobals) = postSolution
		SolutionGuid = {2955EA3B-C190-468A-94FD-B603EC990154}
	EndGlobalSection
EndGlobal
